
Microsoft Visual Studio Solution File, Format Version 12.00
# Visual Studio 15
VisualStudioVersion = 15.0.27004.2002
MinimumVisualStudioVersion = 10.0.40219.1
Project("{888888A0-9F3D-457C-B088-3A5042F75D52}") = "WebScraping", "WebScraping\WebScraping.pyproj", "{E4AE420D-AF59-446E-A7EE-E1F369B1FABE}"
EndProject
Global
	GlobalSection(SolutionConfigurationPlatforms) = preSolution
		Debug|Any CPU = Debug|Any CPU
		Release|Any CPU = Release|Any CPU
	EndGlobalSection
	GlobalSection(ProjectConfigurationPlatforms) = postSolution
		{E4AE420D-AF59-446E-A7EE-E1F369B1FABE}.Debug|Any CPU.ActiveCfg = Debug|Any CPU
		{E4AE420D-AF59-446E-A7EE-E1F369B1FABE}.Release|Any CPU.ActiveCfg = Release|Any CPU
	EndGlobalSection
	GlobalSection(SolutionProperties) = preSolution
		HideSolutionNode = FALSE
	EndGlobalSection
	GlobalSection(ExtensibilityGlobals) = postSolution
		SolutionGuid = {3DDD7A57-5172-4894-B319-5FB924DAA9E4}
	EndGlobalSection
EndGlobal
